
Microsoft Visual Studio Solution File, Format Version 12.00
# Visual Studio Version 17
VisualStudioVersion = 17.0.31521.260
MinimumVisualStudioVersion = 10.0.40219.1
Project("{9A19103F-16F7-4668-BE54-9A1E7A4F7556}") = "GoalKeeper.Stats.WebApi", "GoalKeeper.Stats.WebApi\GoalKeeper.Stats.WebApi.csproj", "{BFA770F3-68ED-4F0D-A9DB-F7B1CD6A2F5A}"
EndProject
Project("{9A19103F-16F7-4668-BE54-9A1E7A4F7556}") = "GoalKeeper.Stats.Domain", "GoalKeeper.Stats.Domain\GoalKeeper.Stats.Domain.csproj", "{E7155F49-1FF8-4AC3-9BFB-5A681B6A3054}"
EndProject
Project("{2150E333-8FDC-42A3-9474-1A3956D46DE8}") = "src", "src", "{71B97398-0E12-4594-B0E0-F4A14B711803}"
EndProject
Project("{9A19103F-16F7-4668-BE54-9A1E7A4F7556}") = "GoalKeeper.Stats.WebApi.UnitTests", "GoalKeeper.Stats.WebApi.UnitTests\GoalKeeper.Stats.WebApi.UnitTests.csproj", "{1D87EE0B-4B98-46B4-9D8E-47DE8B88D6CD}"
EndProject
Project("{2150E333-8FDC-42A3-9474-1A3956D46DE8}") = "tests", "tests", "{1591F51F-7FE7-4AF0-806D-421EAC7C21F2}"
EndProject
Project("{9A19103F-16F7-4668-BE54-9A1E7A4F7556}") = "GoalKeeper.Stats.Application", "GoalKeeper.Stats.Application\GoalKeeper.Stats.Application.csproj", "{A7BACE94-AB5A-4833-AF40-16ACA52B8322}"
EndProject
Project("{9A19103F-16F7-4668-BE54-9A1E7A4F7556}") = "GoalKeeper.Stats.Application.IO", "GoalKeeper.Stats.Application.IO\GoalKeeper.Stats.Application.IO.csproj", "{1D6D1259-944E-4666-A5C5-AE5C035FC915}"
EndProject
Project("{9A19103F-16F7-4668-BE54-9A1E7A4F7556}") = "GoalKeeper.Stats.Infrastructure", "GoalKeeper.Stats.Infrastructure\GoalKeeper.Stats.Infrastructure.csproj", "{13A9EF1F-C07E-4E05-9FC8-3323118CDE64}"
EndProject
Project("{2150E333-8FDC-42A3-9474-1A3956D46DE8}") = "common", "common", "{1BA57AEB-2CF3-473B-8895-2D3E3B0207C7}"
EndProject
Project("{9A19103F-16F7-4668-BE54-9A1E7A4F7556}") = "GoalKeeper.Common.Application.IO", "..\..\01.Common\GoalKeeper.Common\GoalKeeper.Common.Application.IO\GoalKeeper.Common.Application.IO.csproj", "{34308114-D7C1-4E41-9359-BDCF43F42A33}"
EndProject
Project("{9A19103F-16F7-4668-BE54-9A1E7A4F7556}") = "GoalKeeper.Stats.Database", "GoalKeeper.Stats.Database\GoalKeeper.Stats.Database.csproj", "{81E5A528-426E-4297-A8E6-D102374F7604}"
EndProject
Project("{9A19103F-16F7-4668-BE54-9A1E7A4F7556}") = "GoalKeeper.Stats.Database.Seed", "GoalKeeper.Stats.Database.Seed\GoalKeeper.Stats.Database.Seed.csproj", "{8E0B126B-828D-469B-8EE4-065A894B76DE}"
EndProject
Project("{9A19103F-16F7-4668-BE54-9A1E7A4F7556}") = "GoalKeeper.Stats.EventStore", "GoalKeeper.Stats.EventStore\GoalKeeper.Stats.EventStore.csproj", "{AABE5026-8412-42BD-B2FB-141F473F23BC}"
EndProject
Project("{9A19103F-16F7-4668-BE54-9A1E7A4F7556}") = "GoalKeeper.Stats.EventStore.UnitTests", "GoalKeeper.Stats.EventStore.UnitTests\GoalKeeper.Stats.EventStore.UnitTests.csproj", "{D8DC3433-F08C-4D5E-94B3-3B3E82D82A64}"
EndProject
Project("{9A19103F-16F7-4668-BE54-9A1E7A4F7556}") = "GoalKeeper.Stats.Application.UnitTests", "GoalKeeper.Stats.Application.UnitTests\GoalKeeper.Stats.Application.UnitTests.csproj", "{514D4700-5246-448B-A619-0FD4D4625D24}"
EndProject
Project("{9A19103F-16F7-4668-BE54-9A1E7A4F7556}") = "GoalKeeper.Stats.Domain.UnitTests", "GoalKeeper.Stats.Domain.UnitTests\GoalKeeper.Stats.Domain.UnitTests.csproj", "{F5307D94-6B6E-4DC1-B7ED-ADA7D6B3DA3A}"
EndProject
Project("{9A19103F-16F7-4668-BE54-9A1E7A4F7556}") = "GoalKeeper.Common.Application", "..\..\01.Common\GoalKeeper.Common\GoalKeeper.Common.Domain\GoalKeeper.Common.Application.csproj", "{9B7C31CA-179F-44E4-9908-AC88EF152336}"
EndProject
Global
	GlobalSection(SolutionConfigurationPlatforms) = preSolution
		Debug|Any CPU = Debug|Any CPU
		Release|Any CPU = Release|Any CPU
	EndGlobalSection
	GlobalSection(ProjectConfigurationPlatforms) = postSolution
		{BFA770F3-68ED-4F0D-A9DB-F7B1CD6A2F5A}.Debug|Any CPU.ActiveCfg = Debug|Any CPU
		{BFA770F3-68ED-4F0D-A9DB-F7B1CD6A2F5A}.Debug|Any CPU.Build.0 = Debug|Any CPU
		{BFA770F3-68ED-4F0D-A9DB-F7B1CD6A2F5A}.Release|Any CPU.ActiveCfg = Release|Any CPU
		{BFA770F3-68ED-4F0D-A9DB-F7B1CD6A2F5A}.Release|Any CPU.Build.0 = Release|Any CPU
		{E7155F49-1FF8-4AC3-9BFB-5A681B6A3054}.Debug|Any CPU.ActiveCfg = Debug|Any CPU
		{E7155F49-1FF8-4AC3-9BFB-5A681B6A3054}.Debug|Any CPU.Build.0 = Debug|Any CPU
		{E7155F49-1FF8-4AC3-9BFB-5A681B6A3054}.Release|Any CPU.ActiveCfg = Release|Any CPU
		{E7155F49-1FF8-4AC3-9BFB-5A681B6A3054}.Release|Any CPU.Build.0 = Release|Any CPU
		{1D87EE0B-4B98-46B4-9D8E-47DE8B88D6CD}.Debug|Any CPU.ActiveCfg = Debug|Any CPU
		{1D87EE0B-4B98-46B4-9D8E-47DE8B88D6CD}.Debug|Any CPU.Build.0 = Debug|Any CPU
		{1D87EE0B-4B98-46B4-9D8E-47DE8B88D6CD}.Release|Any CPU.ActiveCfg = Release|Any CPU
		{1D87EE0B-4B98-46B4-9D8E-47DE8B88D6CD}.Release|Any CPU.Build.0 = Release|Any CPU
		{A7BACE94-AB5A-4833-AF40-16ACA52B8322}.Debug|Any CPU.ActiveCfg = Debug|Any CPU
		{A7BACE94-AB5A-4833-AF40-16ACA52B8322}.Debug|Any CPU.Build.0 = Debug|Any CPU
		{A7BACE94-AB5A-4833-AF40-16ACA52B8322}.Release|Any CPU.ActiveCfg = Release|Any CPU
		{A7BACE94-AB5A-4833-AF40-16ACA52B8322}.Release|Any CPU.Build.0 = Release|Any CPU
		{1D6D1259-944E-4666-A5C5-AE5C035FC915}.Debug|Any CPU.ActiveCfg = Debug|Any CPU
		{1D6D1259-944E-4666-A5C5-AE5C035FC915}.Debug|Any CPU.Build.0 = Debug|Any CPU
		{1D6D1259-944E-4666-A5C5-AE5C035FC915}.Release|Any CPU.ActiveCfg = Release|Any CPU
		{1D6D1259-944E-4666-A5C5-AE5C035FC915}.Release|Any CPU.Build.0 = Release|Any CPU
		{13A9EF1F-C07E-4E05-9FC8-3323118CDE64}.Debug|Any CPU.ActiveCfg = Debug|Any CPU
		{13A9EF1F-C07E-4E05-9FC8-3323118CDE64}.Debug|Any CPU.Build.0 = Debug|Any CPU
		{13A9EF1F-C07E-4E05-9FC8-3323118CDE64}.Release|Any CPU.ActiveCfg = Release|Any CPU
		{13A9EF1F-C07E-4E05-9FC8-3323118CDE64}.Release|Any CPU.Build.0 = Release|Any CPU
		{34308114-D7C1-4E41-9359-BDCF43F42A33}.Debug|Any CPU.ActiveCfg = Debug|Any CPU
		{34308114-D7C1-4E41-9359-BDCF43F42A33}.Debug|Any CPU.Build.0 = Debug|Any CPU
		{34308114-D7C1-4E41-9359-BDCF43F42A33}.Release|Any CPU.ActiveCfg = Release|Any CPU
		{34308114-D7C1-4E41-9359-BDCF43F42A33}.Release|Any CPU.Build.0 = Release|Any CPU
		{81E5A528-426E-4297-A8E6-D102374F7604}.Debug|Any CPU.ActiveCfg = Debug|Any CPU
		{81E5A528-426E-4297-A8E6-D102374F7604}.Debug|Any CPU.Build.0 = Debug|Any CPU
		{81E5A528-426E-4297-A8E6-D102374F7604}.Release|Any CPU.ActiveCfg = Release|Any CPU
		{81E5A528-426E-4297-A8E6-D102374F7604}.Release|Any CPU.Build.0 = Release|Any CPU
		{8E0B126B-828D-469B-8EE4-065A894B76DE}.Debug|Any CPU.ActiveCfg = Debug|Any CPU
		{8E0B126B-828D-469B-8EE4-065A894B76DE}.Debug|Any CPU.Build.0 = Debug|Any CPU
		{8E0B126B-828D-469B-8EE4-065A894B76DE}.Release|Any CPU.ActiveCfg = Release|Any CPU
		{8E0B126B-828D-469B-8EE4-065A894B76DE}.Release|Any CPU.Build.0 = Release|Any CPU
		{AABE5026-8412-42BD-B2FB-141F473F23BC}.Debug|Any CPU.ActiveCfg = Debug|Any CPU
		{AABE5026-8412-42BD-B2FB-141F473F23BC}.Debug|Any CPU.Build.0 = Debug|Any CPU
		{AABE5026-8412-42BD-B2FB-141F473F23BC}.Release|Any CPU.ActiveCfg = Release|Any CPU
		{AABE5026-8412-42BD-B2FB-141F473F23BC}.Release|Any CPU.Build.0 = Release|Any CPU
		{D8DC3433-F08C-4D5E-94B3-3B3E82D82A64}.Debug|Any CPU.ActiveCfg = Debug|Any CPU
		{D8DC3433-F08C-4D5E-94B3-3B3E82D82A64}.Debug|Any CPU.Build.0 = Debug|Any CPU
		{D8DC3433-F08C-4D5E-94B3-3B3E82D82A64}.Release|Any CPU.ActiveCfg = Release|Any CPU
		{D8DC3433-F08C-4D5E-94B3-3B3E82D82A64}.Release|Any CPU.Build.0 = Release|Any CPU
		{514D4700-5246-448B-A619-0FD4D4625D24}.Debug|Any CPU.ActiveCfg = Debug|Any CPU
		{514D4700-5246-448B-A619-0FD4D4625D24}.Debug|Any CPU.Build.0 = Debug|Any CPU
		{514D4700-5246-448B-A619-0FD4D4625D24}.Release|Any CPU.ActiveCfg = Release|Any CPU
		{514D4700-5246-448B-A619-0FD4D4625D24}.Release|Any CPU.Build.0 = Release|Any CPU
		{F5307D94-6B6E-4DC1-B7ED-ADA7D6B3DA3A}.Debug|Any CPU.ActiveCfg = Debug|Any CPU
		{F5307D94-6B6E-4DC1-B7ED-ADA7D6B3DA3A}.Debug|Any CPU.Build.0 = Debug|Any CPU
		{F5307D94-6B6E-4DC1-B7ED-ADA7D6B3DA3A}.Release|Any CPU.ActiveCfg = Release|Any CPU
		{F5307D94-6B6E-4DC1-B7ED-ADA7D6B3DA3A}.Release|Any CPU.Build.0 = Release|Any CPU
		{9B7C31CA-179F-44E4-9908-AC88EF152336}.Debug|Any CPU.ActiveCfg = Debug|Any CPU
		{9B7C31CA-179F-44E4-9908-AC88EF152336}.Debug|Any CPU.Build.0 = Debug|Any CPU
		{9B7C31CA-179F-44E4-9908-AC88EF152336}.Release|Any CPU.ActiveCfg = Release|Any CPU
		{9B7C31CA-179F-44E4-9908-AC88EF152336}.Release|Any CPU.Build.0 = Release|Any CPU
	EndGlobalSection
	GlobalSection(SolutionProperties) = preSolution
		HideSolutionNode = FALSE
	EndGlobalSection
	GlobalSection(NestedProjects) = preSolution
		{BFA770F3-68ED-4F0D-A9DB-F7B1CD6A2F5A} = {71B97398-0E12-4594-B0E0-F4A14B711803}
		{E7155F49-1FF8-4AC3-9BFB-5A681B6A3054} = {71B97398-0E12-4594-B0E0-F4A14B711803}
		{1D87EE0B-4B98-46B4-9D8E-47DE8B88D6CD} = {1591F51F-7FE7-4AF0-806D-421EAC7C21F2}
		{A7BACE94-AB5A-4833-AF40-16ACA52B8322} = {71B97398-0E12-4594-B0E0-F4A14B711803}
		{1D6D1259-944E-4666-A5C5-AE5C035FC915} = {71B97398-0E12-4594-B0E0-F4A14B711803}
		{13A9EF1F-C07E-4E05-9FC8-3323118CDE64} = {71B97398-0E12-4594-B0E0-F4A14B711803}
		{34308114-D7C1-4E41-9359-BDCF43F42A33} = {1BA57AEB-2CF3-473B-8895-2D3E3B0207C7}
		{81E5A528-426E-4297-A8E6-D102374F7604} = {71B97398-0E12-4594-B0E0-F4A14B711803}
		{8E0B126B-828D-469B-8EE4-065A894B76DE} = {71B97398-0E12-4594-B0E0-F4A14B711803}
		{AABE5026-8412-42BD-B2FB-141F473F23BC} = {71B97398-0E12-4594-B0E0-F4A14B711803}
		{D8DC3433-F08C-4D5E-94B3-3B3E82D82A64} = {1591F51F-7FE7-4AF0-806D-421EAC7C21F2}
		{514D4700-5246-448B-A619-0FD4D4625D24} = {1591F51F-7FE7-4AF0-806D-421EAC7C21F2}
		{F5307D94-6B6E-4DC1-B7ED-ADA7D6B3DA3A} = {1591F51F-7FE7-4AF0-806D-421EAC7C21F2}
		{9B7C31CA-179F-44E4-9908-AC88EF152336} = {1BA57AEB-2CF3-473B-8895-2D3E3B0207C7}
	EndGlobalSection
	GlobalSection(ExtensibilityGlobals) = postSolution
		SolutionGuid = {EFC88E3E-09E0-43C1-B9FD-44BF0B9A1DA7}
	EndGlobalSection
EndGlobal
