
Microsoft Visual Studio Solution File, Format Version 12.00
# Visual Studio Version 16
VisualStudioVersion = 16.0.30621.155
MinimumVisualStudioVersion = 10.0.40219.1
Project("{FAE04EC0-301F-11D3-BF4B-00C04F79EFBC}") = "GoalKeeper.MApi.Domain", "GoalKeeper.MApi.Domain\GoalKeeper.MApi.Domain.csproj", "{D90BF826-3B32-4F3F-8B10-D59816111527}"
EndProject
Project("{2150E333-8FDC-42A3-9474-1A3956D46DE8}") = "src", "src", "{28542890-1AE3-4F3C-B418-8F86A791E368}"
EndProject
Global
	GlobalSection(SolutionConfigurationPlatforms) = preSolution
		Debug|Any CPU = Debug|Any CPU
		Release|Any CPU = Release|Any CPU
	EndGlobalSection
	GlobalSection(ProjectConfigurationPlatforms) = postSolution
		{D90BF826-3B32-4F3F-8B10-D59816111527}.Debug|Any CPU.ActiveCfg = Debug|Any CPU
		{D90BF826-3B32-4F3F-8B10-D59816111527}.Debug|Any CPU.Build.0 = Debug|Any CPU
		{D90BF826-3B32-4F3F-8B10-D59816111527}.Release|Any CPU.ActiveCfg = Release|Any CPU
		{D90BF826-3B32-4F3F-8B10-D59816111527}.Release|Any CPU.Build.0 = Release|Any CPU
	EndGlobalSection
	GlobalSection(SolutionProperties) = preSolution
		HideSolutionNode = FALSE
	EndGlobalSection
	GlobalSection(NestedProjects) = preSolution
		{D90BF826-3B32-4F3F-8B10-D59816111527} = {28542890-1AE3-4F3C-B418-8F86A791E368}
	EndGlobalSection
	GlobalSection(ExtensibilityGlobals) = postSolution
		SolutionGuid = {F2F61F51-8EEC-4E3C-99EC-22401580E166}
	EndGlobalSection
EndGlobal
